
Microsoft Visual Studio Solution File, Format Version 12.00
# Visual Studio 15
Project("{FAE04EC0-301F-11D3-BF4B-00C04F79EFBC}") = "Assembly-CSharp", "Assembly-CSharp.csproj", "{1A9CE912-1BEA-B1B4-BA7E-3F7738A11605}"
EndProject
Global
	GlobalSection(SolutionConfigurationPlatforms) = preSolution
		Debug|Any CPU = Debug|Any CPU
		Release|Any CPU = Release|Any CPU
	EndGlobalSection
	GlobalSection(ProjectConfigurationPlatforms) = postSolution
		{1A9CE912-1BEA-B1B4-BA7E-3F7738A11605}.Debug|Any CPU.ActiveCfg = Debug|Any CPU
		{1A9CE912-1BEA-B1B4-BA7E-3F7738A11605}.Debug|Any CPU.Build.0 = Debug|Any CPU
		{1A9CE912-1BEA-B1B4-BA7E-3F7738A11605}.Release|Any CPU.ActiveCfg = Release|Any CPU
		{1A9CE912-1BEA-B1B4-BA7E-3F7738A11605}.Release|Any CPU.Build.0 = Release|Any CPU
	EndGlobalSection
	GlobalSection(SolutionProperties) = preSolution
		HideSolutionNode = FALSE
	EndGlobalSection
EndGlobal
